
Microsoft Visual Studio Solution File, Format Version 12.00
# Visual Studio Version 16
VisualStudioVersion = 16.0.32407.337
MinimumVisualStudioVersion = 10.0.40219.1
Project("{FAE04EC0-301F-11D3-BF4B-00C04F79EFBC}") = "API", "API.csproj", "{6FC12EA5-5E5F-4AC5-A42B-B6204DFE59E7}"
EndProject
Global
	GlobalSection(SolutionConfigurationPlatforms) = preSolution
		Debug|Any CPU = Debug|Any CPU
		Release|Any CPU = Release|Any CPU
	EndGlobalSection
	GlobalSection(ProjectConfigurationPlatforms) = postSolution
		{6FC12EA5-5E5F-4AC5-A42B-B6204DFE59E7}.Debug|Any CPU.ActiveCfg = Debug|Any CPU
		{6FC12EA5-5E5F-4AC5-A42B-B6204DFE59E7}.Debug|Any CPU.Build.0 = Debug|Any CPU
		{6FC12EA5-5E5F-4AC5-A42B-B6204DFE59E7}.Release|Any CPU.ActiveCfg = Release|Any CPU
		{6FC12EA5-5E5F-4AC5-A42B-B6204DFE59E7}.Release|Any CPU.Build.0 = Release|Any CPU
	EndGlobalSection
	GlobalSection(SolutionProperties) = preSolution
		HideSolutionNode = FALSE
	EndGlobalSection
	GlobalSection(ExtensibilityGlobals) = postSolution
		SolutionGuid = {8449BC44-38D6-4B9A-B66C-37110D7279C4}
	EndGlobalSection
EndGlobal
